
Microsoft Visual Studio Solution File, Format Version 12.00
# Visual Studio Version 17
VisualStudioVersion = 17.14.37012.4 d17.14
MinimumVisualStudioVersion = 10.0.40219.1
Project("{FAE04EC0-301F-11D3-BF4B-00C04F79EFBC}") = "CichnArena", "CichnArena\CichnArena.csproj", "{A07DF38A-17C3-4026-8AF0-784E440377A8}"
EndProject
Global
	GlobalSection(SolutionConfigurationPlatforms) = preSolution
		Debug|Any CPU = Debug|Any CPU
		Release|Any CPU = Release|Any CPU
	EndGlobalSection
	GlobalSection(ProjectConfigurationPlatforms) = postSolution
		{A07DF38A-17C3-4026-8AF0-784E440377A8}.Debug|Any CPU.ActiveCfg = Debug|Any CPU
		{A07DF38A-17C3-4026-8AF0-784E440377A8}.Debug|Any CPU.Build.0 = Debug|Any CPU
		{A07DF38A-17C3-4026-8AF0-784E440377A8}.Release|Any CPU.ActiveCfg = Release|Any CPU
		{A07DF38A-17C3-4026-8AF0-784E440377A8}.Release|Any CPU.Build.0 = Release|Any CPU
	EndGlobalSection
	GlobalSection(SolutionProperties) = preSolution
		HideSolutionNode = FALSE
	EndGlobalSection
	GlobalSection(ExtensibilityGlobals) = postSolution
		SolutionGuid = {B531022D-9FDF-43A4-87E1-41093DCE7C43}
	EndGlobalSection
EndGlobal
