
Microsoft Visual Studio Solution File, Format Version 12.00
# Visual Studio Version 17
VisualStudioVersion = 17.14.36414.22 d17.14
MinimumVisualStudioVersion = 10.0.40219.1
Project("{FAE04EC0-301F-11D3-BF4B-00C04F79EFBC}") = "try catch", "try catch\try catch.csproj", "{55A89644-F0DA-4B88-AF80-C8D56F06D6DB}"
EndProject
Global
	GlobalSection(SolutionConfigurationPlatforms) = preSolution
		Debug|Any CPU = Debug|Any CPU
		Release|Any CPU = Release|Any CPU
	EndGlobalSection
	GlobalSection(ProjectConfigurationPlatforms) = postSolution
		{55A89644-F0DA-4B88-AF80-C8D56F06D6DB}.Debug|Any CPU.ActiveCfg = Debug|Any CPU
		{55A89644-F0DA-4B88-AF80-C8D56F06D6DB}.Debug|Any CPU.Build.0 = Debug|Any CPU
		{55A89644-F0DA-4B88-AF80-C8D56F06D6DB}.Release|Any CPU.ActiveCfg = Release|Any CPU
		{55A89644-F0DA-4B88-AF80-C8D56F06D6DB}.Release|Any CPU.Build.0 = Release|Any CPU
	EndGlobalSection
	GlobalSection(SolutionProperties) = preSolution
		HideSolutionNode = FALSE
	EndGlobalSection
	GlobalSection(ExtensibilityGlobals) = postSolution
		SolutionGuid = {88092357-997C-4016-92D8-1D11FBB42A18}
	EndGlobalSection
EndGlobal
