
Microsoft Visual Studio Solution File, Format Version 12.00
# Visual Studio Version 17
VisualStudioVersion = 17.14.36414.22 d17.14
MinimumVisualStudioVersion = 10.0.40219.1
Project("{FAE04EC0-301F-11D3-BF4B-00C04F79EFBC}") = "treba", "treba\treba.csproj", "{1A096DE6-F112-4BF4-949D-64BA7E820F1B}"
EndProject
Global
	GlobalSection(SolutionConfigurationPlatforms) = preSolution
		Debug|Any CPU = Debug|Any CPU
		Release|Any CPU = Release|Any CPU
	EndGlobalSection
	GlobalSection(ProjectConfigurationPlatforms) = postSolution
		{1A096DE6-F112-4BF4-949D-64BA7E820F1B}.Debug|Any CPU.ActiveCfg = Debug|Any CPU
		{1A096DE6-F112-4BF4-949D-64BA7E820F1B}.Debug|Any CPU.Build.0 = Debug|Any CPU
		{1A096DE6-F112-4BF4-949D-64BA7E820F1B}.Release|Any CPU.ActiveCfg = Release|Any CPU
		{1A096DE6-F112-4BF4-949D-64BA7E820F1B}.Release|Any CPU.Build.0 = Release|Any CPU
	EndGlobalSection
	GlobalSection(SolutionProperties) = preSolution
		HideSolutionNode = FALSE
	EndGlobalSection
	GlobalSection(ExtensibilityGlobals) = postSolution
		SolutionGuid = {28250B98-1AB3-45EA-933D-ACDF3C30AE97}
	EndGlobalSection
EndGlobal
